// !$*UTF8*$!
{
	archiveVersion = 1;
	classes = {
	};
	objectVersion = 46;
	objects = {

/* Begin PBXBuildFile section */
		0728F2DA015E67A049031D65 /* Pods_Web_to_AppUITests.framework in Frameworks */ = {isa = PBXBuildFile; fileRef = 0DD63AA8F247352AE6315ACA /* Pods_Web_to_AppUITests.framework */; };
		A70946311F84F65100D2BFED /* SettingsVC.swift in Sources */ = {isa = PBXBuildFile; fileRef = A70946301F84F65100D2BFED /* SettingsVC.swift */; };
		A70D3D3F1F75329000644D50 /* NavVC.swift in Sources */ = {isa = PBXBuildFile; fileRef = A70D3D3E1F75329000644D50 /* NavVC.swift */; };
		A734CE861F89E00600F6BAE9 /* UserNotifications.framework in Frameworks */ = {isa = PBXBuildFile; fileRef = A734CE851F89E00600F6BAE9 /* UserNotifications.framework */; };
		A757BF6F1F8B49EA001C0A65 /* GoogleService-Info.plist in Resources */ = {isa = PBXBuildFile; fileRef = A757BF6E1F8B49E9001C0A65 /* GoogleService-Info.plist */; };
		A77E23E81FA1B5AB00C452C8 /* NotificationListVC.swift in Sources */ = {isa = PBXBuildFile; fileRef = A77E23E71FA1B5AB00C452C8 /* NotificationListVC.swift */; };
		A77E23EA1FA1C16200C452C8 /* NotificationVC.swift in Sources */ = {isa = PBXBuildFile; fileRef = A77E23E91FA1C16200C452C8 /* NotificationVC.swift */; };
		A796CA281F83C80700A7162A /* WebVC.xib in Resources */ = {isa = PBXBuildFile; fileRef = A796CA271F83C80700A7162A /* WebVC.xib */; };
		A7D6EF121F75279000BF3665 /* AppDelegate.swift in Sources */ = {isa = PBXBuildFile; fileRef = A7D6EF111F75279000BF3665 /* AppDelegate.swift */; };
		A7D6EF171F75279000BF3665 /* Main.storyboard in Resources */ = {isa = PBXBuildFile; fileRef = A7D6EF151F75279000BF3665 /* Main.storyboard */; };
		A7D6EF191F75279000BF3665 /* Assets.xcassets in Resources */ = {isa = PBXBuildFile; fileRef = A7D6EF181F75279000BF3665 /* Assets.xcassets */; };
		A7D6EF1C1F75279000BF3665 /* LaunchScreen.storyboard in Resources */ = {isa = PBXBuildFile; fileRef = A7D6EF1A1F75279000BF3665 /* LaunchScreen.storyboard */; };
		A7D6EF271F75279000BF3665 /* Web_to_AppTests.swift in Sources */ = {isa = PBXBuildFile; fileRef = A7D6EF261F75279000BF3665 /* Web_to_AppTests.swift */; };
		A7D6EF321F75279000BF3665 /* Web_to_AppUITests.swift in Sources */ = {isa = PBXBuildFile; fileRef = A7D6EF311F75279000BF3665 /* Web_to_AppUITests.swift */; };
		CCF239D840CF5A89C45D412B /* Pods_Web_to_App.framework in Frameworks */ = {isa = PBXBuildFile; fileRef = 70A16A7117CB9B4F531D175D /* Pods_Web_to_App.framework */; };
		D3391F229BE1E2C9D20F6685 /* Pods_Web_to_AppTests.framework in Frameworks */ = {isa = PBXBuildFile; fileRef = F7F57FE6E2E5899D7CCAD343 /* Pods_Web_to_AppTests.framework */; };
		E56EC5CA1F7D10CE00D38AC9 /* SubPageVC.swift in Sources */ = {isa = PBXBuildFile; fileRef = E56EC5C91F7D10CE00D38AC9 /* SubPageVC.swift */; };
		E592FBA61F7A35870001F321 /* bootstrap.min.css in Resources */ = {isa = PBXBuildFile; fileRef = E592FB9B1F7A35870001F321 /* bootstrap.min.css */; };
		E592FBA71F7A35870001F321 /* mdb.min.css in Resources */ = {isa = PBXBuildFile; fileRef = E592FB9C1F7A35870001F321 /* mdb.min.css */; };
		E592FBA81F7A35870001F321 /* style.css in Resources */ = {isa = PBXBuildFile; fileRef = E592FB9D1F7A35870001F321 /* style.css */; };
		E592FBA91F7A35870001F321 /* index.html in Resources */ = {isa = PBXBuildFile; fileRef = E592FB9E1F7A35870001F321 /* index.html */; };
		E592FBAA1F7A35870001F321 /* bootstrap.min.js in Resources */ = {isa = PBXBuildFile; fileRef = E592FBA01F7A35870001F321 /* bootstrap.min.js */; };
		E592FBAB1F7A35870001F321 /* custom-file-input.js in Resources */ = {isa = PBXBuildFile; fileRef = E592FBA11F7A35870001F321 /* custom-file-input.js */; };
		E592FBAC1F7A35870001F321 /* jquery-3.1.1.min.js in Resources */ = {isa = PBXBuildFile; fileRef = E592FBA21F7A35870001F321 /* jquery-3.1.1.min.js */; };
		E592FBAD1F7A35870001F321 /* jquery.vibrate.min.js in Resources */ = {isa = PBXBuildFile; fileRef = E592FBA31F7A35870001F321 /* jquery.vibrate.min.js */; };
		E592FBAE1F7A35870001F321 /* mdb.min.js in Resources */ = {isa = PBXBuildFile; fileRef = E592FBA41F7A35870001F321 /* mdb.min.js */; };
		E592FBAF1F7A35870001F321 /* tether.min.js in Resources */ = {isa = PBXBuildFile; fileRef = E592FBA51F7A35870001F321 /* tether.min.js */; };
		E5ED36C91F77767D003D6C1D /* AllConstant.swift in Sources */ = {isa = PBXBuildFile; fileRef = E5ED36C61F77767D003D6C1D /* AllConstant.swift */; };
		E5ED36CA1F77767D003D6C1D /* HomeVc.swift in Sources */ = {isa = PBXBuildFile; fileRef = E5ED36C71F77767D003D6C1D /* HomeVc.swift */; };
		E5ED36CB1F77767D003D6C1D /* MainWebViewLoader.swift in Sources */ = {isa = PBXBuildFile; fileRef = E5ED36C81F77767D003D6C1D /* MainWebViewLoader.swift */; };
		E5ED36CF1F777E1F003D6C1D /* LeftMenuVC.swift in Sources */ = {isa = PBXBuildFile; fileRef = E5ED36CE1F777E1F003D6C1D /* LeftMenuVC.swift */; };
		E5ED36D31F77B9F5003D6C1D /* TabVC.swift in Sources */ = {isa = PBXBuildFile; fileRef = E5ED36D21F77B9F5003D6C1D /* TabVC.swift */; };
/* End PBXBuildFile section */

/* Begin PBXContainerItemProxy section */
		A7D6EF231F75279000BF3665 /* PBXContainerItemProxy */ = {
			isa = PBXContainerItemProxy;
			containerPortal = A7D6EF061F75279000BF3665 /* Project object */;
			proxyType = 1;
			remoteGlobalIDString = A7D6EF0D1F75279000BF3665;
			remoteInfo = "Web to App";
		};
		A7D6EF2E1F75279000BF3665 /* PBXContainerItemProxy */ = {
			isa = PBXContainerItemProxy;
			containerPortal = A7D6EF061F75279000BF3665 /* Project object */;
			proxyType = 1;
			remoteGlobalIDString = A7D6EF0D1F75279000BF3665;
			remoteInfo = "Web to App";
		};
/* End PBXContainerItemProxy section */

/* Begin PBXFileReference section */
		0DD63AA8F247352AE6315ACA /* Pods_Web_to_AppUITests.framework */ = {isa = PBXFileReference; explicitFileType = wrapper.framework; includeInIndex = 0; path = Pods_Web_to_AppUITests.framework; sourceTree = BUILT_PRODUCTS_DIR; };
		56AC0C907982EF615FC882AC /* Pods-Web to AppTests.debug.xcconfig */ = {isa = PBXFileReference; includeInIndex = 1; lastKnownFileType = text.xcconfig; name = "Pods-Web to AppTests.debug.xcconfig"; path = "Pods/Target Support Files/Pods-Web to AppTests/Pods-Web to AppTests.debug.xcconfig"; sourceTree = "<group>"; };
		5E1EFB22A1425527FF6E50F4 /* Pods-Web to AppUITests.debug.xcconfig */ = {isa = PBXFileReference; includeInIndex = 1; lastKnownFileType = text.xcconfig; name = "Pods-Web to AppUITests.debug.xcconfig"; path = "Pods/Target Support Files/Pods-Web to AppUITests/Pods-Web to AppUITests.debug.xcconfig"; sourceTree = "<group>"; };
		70A16A7117CB9B4F531D175D /* Pods_Web_to_App.framework */ = {isa = PBXFileReference; explicitFileType = wrapper.framework; includeInIndex = 0; path = Pods_Web_to_App.framework; sourceTree = BUILT_PRODUCTS_DIR; };
		82B8F8F45043C0B14DD1ACAE /* Pods-Web to App.debug.xcconfig */ = {isa = PBXFileReference; includeInIndex = 1; lastKnownFileType = text.xcconfig; name = "Pods-Web to App.debug.xcconfig"; path = "Pods/Target Support Files/Pods-Web to App/Pods-Web to App.debug.xcconfig"; sourceTree = "<group>"; };
		A6C9D05F6A21F934987BA6B0 /* Pods-Web to AppUITests.release.xcconfig */ = {isa = PBXFileReference; includeInIndex = 1; lastKnownFileType = text.xcconfig; name = "Pods-Web to AppUITests.release.xcconfig"; path = "Pods/Target Support Files/Pods-Web to AppUITests/Pods-Web to AppUITests.release.xcconfig"; sourceTree = "<group>"; };
		A70946301F84F65100D2BFED /* SettingsVC.swift */ = {isa = PBXFileReference; lastKnownFileType = sourcecode.swift; path = SettingsVC.swift; sourceTree = "<group>"; };
		A70D3D3E1F75329000644D50 /* NavVC.swift */ = {isa = PBXFileReference; fileEncoding = 4; lastKnownFileType = sourcecode.swift; path = NavVC.swift; sourceTree = "<group>"; };
		A734CE841F89DE3200F6BAE9 /* Web to App.entitlements */ = {isa = PBXFileReference; lastKnownFileType = text.plist.entitlements; path = "Web to App.entitlements"; sourceTree = "<group>"; };
		A734CE851F89E00600F6BAE9 /* UserNotifications.framework */ = {isa = PBXFileReference; lastKnownFileType = wrapper.framework; name = UserNotifications.framework; path = System/Library/Frameworks/UserNotifications.framework; sourceTree = SDKROOT; };
		A757BF6E1F8B49E9001C0A65 /* GoogleService-Info.plist */ = {isa = PBXFileReference; fileEncoding = 4; lastKnownFileType = text.plist.xml; path = "GoogleService-Info.plist"; sourceTree = "<group>"; };
		A77E23E71FA1B5AB00C452C8 /* NotificationListVC.swift */ = {isa = PBXFileReference; lastKnownFileType = sourcecode.swift; path = NotificationListVC.swift; sourceTree = "<group>"; };
		A77E23E91FA1C16200C452C8 /* NotificationVC.swift */ = {isa = PBXFileReference; lastKnownFileType = sourcecode.swift; path = NotificationVC.swift; sourceTree = "<group>"; };
		A796CA271F83C80700A7162A /* WebVC.xib */ = {isa = PBXFileReference; lastKnownFileType = file.xib; path = WebVC.xib; sourceTree = "<group>"; };
		A7C44B9B1F8A257C0078CDF5 /* GoogleService-Info (3).plist */ = {isa = PBXFileReference; lastKnownFileType = text.plist.xml; name = "GoogleService-Info (3).plist"; path = "../../../../Downloads/GoogleService-Info (3).plist"; sourceTree = "<group>"; };
		A7C44B9C1F8A25890078CDF5 /* GoogleService-Info (3).plist */ = {isa = PBXFileReference; lastKnownFileType = text.plist.xml; path = "GoogleService-Info (3).plist"; sourceTree = "<group>"; };
		A7D6EF0E1F75279000BF3665 /* Web to App.app */ = {isa = PBXFileReference; explicitFileType = wrapper.application; includeInIndex = 0; path = "Web to App.app"; sourceTree = BUILT_PRODUCTS_DIR; };
		A7D6EF111F75279000BF3665 /* AppDelegate.swift */ = {isa = PBXFileReference; lastKnownFileType = sourcecode.swift; path = AppDelegate.swift; sourceTree = "<group>"; };
		A7D6EF161F75279000BF3665 /* Base */ = {isa = PBXFileReference; lastKnownFileType = file.storyboard; name = Base; path = Base.lproj/Main.storyboard; sourceTree = "<group>"; };
		A7D6EF181F75279000BF3665 /* Assets.xcassets */ = {isa = PBXFileReference; lastKnownFileType = folder.assetcatalog; path = Assets.xcassets; sourceTree = "<group>"; };
		A7D6EF1B1F75279000BF3665 /* Base */ = {isa = PBXFileReference; lastKnownFileType = file.storyboard; name = Base; path = Base.lproj/LaunchScreen.storyboard; sourceTree = "<group>"; };
		A7D6EF1D1F75279000BF3665 /* Info.plist */ = {isa = PBXFileReference; lastKnownFileType = text.plist.xml; path = Info.plist; sourceTree = "<group>"; };
		A7D6EF221F75279000BF3665 /* Web to AppTests.xctest */ = {isa = PBXFileReference; explicitFileType = wrapper.cfbundle; includeInIndex = 0; path = "Web to AppTests.xctest"; sourceTree = BUILT_PRODUCTS_DIR; };
		A7D6EF261F75279000BF3665 /* Web_to_AppTests.swift */ = {isa = PBXFileReference; lastKnownFileType = sourcecode.swift; path = Web_to_AppTests.swift; sourceTree = "<group>"; };
		A7D6EF281F75279000BF3665 /* Info.plist */ = {isa = PBXFileReference; lastKnownFileType = text.plist.xml; path = Info.plist; sourceTree = "<group>"; };
		A7D6EF2D1F75279000BF3665 /* Web to AppUITests.xctest */ = {isa = PBXFileReference; explicitFileType = wrapper.cfbundle; includeInIndex = 0; path = "Web to AppUITests.xctest"; sourceTree = BUILT_PRODUCTS_DIR; };
		A7D6EF311F75279000BF3665 /* Web_to_AppUITests.swift */ = {isa = PBXFileReference; lastKnownFileType = sourcecode.swift; path = Web_to_AppUITests.swift; sourceTree = "<group>"; };
		A7D6EF331F75279000BF3665 /* Info.plist */ = {isa = PBXFileReference; lastKnownFileType = text.plist.xml; path = Info.plist; sourceTree = "<group>"; };
		B1BB9B76176B31139E76BAF8 /* Pods-Web to App.release.xcconfig */ = {isa = PBXFileReference; includeInIndex = 1; lastKnownFileType = text.xcconfig; name = "Pods-Web to App.release.xcconfig"; path = "Pods/Target Support Files/Pods-Web to App/Pods-Web to App.release.xcconfig"; sourceTree = "<group>"; };
		E56EC5C91F7D10CE00D38AC9 /* SubPageVC.swift */ = {isa = PBXFileReference; fileEncoding = 4; lastKnownFileType = sourcecode.swift; path = SubPageVC.swift; sourceTree = "<group>"; };
		E592FB9B1F7A35870001F321 /* bootstrap.min.css */ = {isa = PBXFileReference; fileEncoding = 4; lastKnownFileType = text.css; path = bootstrap.min.css; sourceTree = "<group>"; };
		E592FB9C1F7A35870001F321 /* mdb.min.css */ = {isa = PBXFileReference; fileEncoding = 4; lastKnownFileType = text.css; path = mdb.min.css; sourceTree = "<group>"; };
		E592FB9D1F7A35870001F321 /* style.css */ = {isa = PBXFileReference; fileEncoding = 4; lastKnownFileType = text.css; path = style.css; sourceTree = "<group>"; };
		E592FB9E1F7A35870001F321 /* index.html */ = {isa = PBXFileReference; fileEncoding = 4; lastKnownFileType = text.html; path = index.html; sourceTree = "<group>"; };
		E592FBA01F7A35870001F321 /* bootstrap.min.js */ = {isa = PBXFileReference; fileEncoding = 4; lastKnownFileType = sourcecode.javascript; path = bootstrap.min.js; sourceTree = "<group>"; };
		E592FBA11F7A35870001F321 /* custom-file-input.js */ = {isa = PBXFileReference; fileEncoding = 4; lastKnownFileType = sourcecode.javascript; path = "custom-file-input.js"; sourceTree = "<group>"; };
		E592FBA21F7A35870001F321 /* jquery-3.1.1.min.js */ = {isa = PBXFileReference; fileEncoding = 4; lastKnownFileType = sourcecode.javascript; path = "jquery-3.1.1.min.js"; sourceTree = "<group>"; };
		E592FBA31F7A35870001F321 /* jquery.vibrate.min.js */ = {isa = PBXFileReference; fileEncoding = 4; lastKnownFileType = sourcecode.javascript; path = jquery.vibrate.min.js; sourceTree = "<group>"; };
		E592FBA41F7A35870001F321 /* mdb.min.js */ = {isa = PBXFileReference; fileEncoding = 4; lastKnownFileType = sourcecode.javascript; path = mdb.min.js; sourceTree = "<group>"; };
		E592FBA51F7A35870001F321 /* tether.min.js */ = {isa = PBXFileReference; fileEncoding = 4; lastKnownFileType = sourcecode.javascript; path = tether.min.js; sourceTree = "<group>"; };
		E5ED36C61F77767D003D6C1D /* AllConstant.swift */ = {isa = PBXFileReference; fileEncoding = 4; lastKnownFileType = sourcecode.swift; path = AllConstant.swift; sourceTree = "<group>"; };
		E5ED36C71F77767D003D6C1D /* HomeVc.swift */ = {isa = PBXFileReference; fileEncoding = 4; lastKnownFileType = sourcecode.swift; path = HomeVc.swift; sourceTree = "<group>"; };
		E5ED36C81F77767D003D6C1D /* MainWebViewLoader.swift */ = {isa = PBXFileReference; fileEncoding = 4; lastKnownFileType = sourcecode.swift; path = MainWebViewLoader.swift; sourceTree = "<group>"; };
		E5ED36CE1F777E1F003D6C1D /* LeftMenuVC.swift */ = {isa = PBXFileReference; fileEncoding = 4; lastKnownFileType = sourcecode.swift; path = LeftMenuVC.swift; sourceTree = "<group>"; };
		E5ED36D21F77B9F5003D6C1D /* TabVC.swift */ = {isa = PBXFileReference; fileEncoding = 4; lastKnownFileType = sourcecode.swift; path = TabVC.swift; sourceTree = "<group>"; };
		F7F57FE6E2E5899D7CCAD343 /* Pods_Web_to_AppTests.framework */ = {isa = PBXFileReference; explicitFileType = wrapper.framework; includeInIndex = 0; path = Pods_Web_to_AppTests.framework; sourceTree = BUILT_PRODUCTS_DIR; };
		FB2A46A83C4D8589C3F1EB0C /* Pods-Web to AppTests.release.xcconfig */ = {isa = PBXFileReference; includeInIndex = 1; lastKnownFileType = text.xcconfig; name = "Pods-Web to AppTests.release.xcconfig"; path = "Pods/Target Support Files/Pods-Web to AppTests/Pods-Web to AppTests.release.xcconfig"; sourceTree = "<group>"; };
/* End PBXFileReference section */

/* Begin PBXFrameworksBuildPhase section */
		A7D6EF0B1F75279000BF3665 /* Frameworks */ = {
			isa = PBXFrameworksBuildPhase;
			buildActionMask = 2147483647;
			files = (
				A734CE861F89E00600F6BAE9 /* UserNotifications.framework in Frameworks */,
				CCF239D840CF5A89C45D412B /* Pods_Web_to_App.framework in Frameworks */,
			);
			runOnlyForDeploymentPostprocessing = 0;
		};
		A7D6EF1F1F75279000BF3665 /* Frameworks */ = {
			isa = PBXFrameworksBuildPhase;
			buildActionMask = 2147483647;
			files = (
				D3391F229BE1E2C9D20F6685 /* Pods_Web_to_AppTests.framework in Frameworks */,
			);
			runOnlyForDeploymentPostprocessing = 0;
		};
		A7D6EF2A1F75279000BF3665 /* Frameworks */ = {
			isa = PBXFrameworksBuildPhase;
			buildActionMask = 2147483647;
			files = (
				0728F2DA015E67A049031D65 /* Pods_Web_to_AppUITests.framework in Frameworks */,
			);
			runOnlyForDeploymentPostprocessing = 0;
		};
/* End PBXFrameworksBuildPhase section */

/* Begin PBXGroup section */
		944940878519F1C6E0E0EBC1 /* Frameworks */ = {
			isa = PBXGroup;
			children = (
				A734CE851F89E00600F6BAE9 /* UserNotifications.framework */,
				70A16A7117CB9B4F531D175D /* Pods_Web_to_App.framework */,
				F7F57FE6E2E5899D7CCAD343 /* Pods_Web_to_AppTests.framework */,
				0DD63AA8F247352AE6315ACA /* Pods_Web_to_AppUITests.framework */,
			);
			name = Frameworks;
			sourceTree = "<group>";
		};
		A7D6EF051F75279000BF3665 = {
			isa = PBXGroup;
			children = (
				A7D6EF101F75279000BF3665 /* Web to App */,
				A7D6EF251F75279000BF3665 /* Web to AppTests */,
				A7D6EF301F75279000BF3665 /* Web to AppUITests */,
				A7D6EF0F1F75279000BF3665 /* Products */,
				F150CAA05DCDA66DEEF8F464 /* Pods */,
				944940878519F1C6E0E0EBC1 /* Frameworks */,
			);
			sourceTree = "<group>";
		};
		A7D6EF0F1F75279000BF3665 /* Products */ = {
			isa = PBXGroup;
			children = (
				A7D6EF0E1F75279000BF3665 /* Web to App.app */,
				A7D6EF221F75279000BF3665 /* Web to AppTests.xctest */,
				A7D6EF2D1F75279000BF3665 /* Web to AppUITests.xctest */,
			);
			name = Products;
			sourceTree = "<group>";
		};
		A7D6EF101F75279000BF3665 /* Web to App */ = {
			isa = PBXGroup;
			children = (
				A757BF6E1F8B49E9001C0A65 /* GoogleService-Info.plist */,
				A734CE841F89DE3200F6BAE9 /* Web to App.entitlements */,
				E592FBB01F7A35980001F321 /* web */,
				A7D6EF111F75279000BF3665 /* AppDelegate.swift */,
				A7D6EF151F75279000BF3665 /* Main.storyboard */,
				A7D6EF181F75279000BF3665 /* Assets.xcassets */,
				A7D6EF1A1F75279000BF3665 /* LaunchScreen.storyboard */,
				A7D6EF1D1F75279000BF3665 /* Info.plist */,
				A70D3D3E1F75329000644D50 /* NavVC.swift */,
				E5ED36C61F77767D003D6C1D /* AllConstant.swift */,
				E5ED36C71F77767D003D6C1D /* HomeVc.swift */,
				E5ED36CE1F777E1F003D6C1D /* LeftMenuVC.swift */,
				E5ED36D21F77B9F5003D6C1D /* TabVC.swift */,
				E56EC5C91F7D10CE00D38AC9 /* SubPageVC.swift */,
				A70946301F84F65100D2BFED /* SettingsVC.swift */,
				A77E23E71FA1B5AB00C452C8 /* NotificationListVC.swift */,
				A77E23E91FA1C16200C452C8 /* NotificationVC.swift */,
			);
			path = "Web to App";
			sourceTree = "<group>";
		};
		A7D6EF251F75279000BF3665 /* Web to AppTests */ = {
			isa = PBXGroup;
			children = (
				A7D6EF261F75279000BF3665 /* Web_to_AppTests.swift */,
				A7D6EF281F75279000BF3665 /* Info.plist */,
			);
			path = "Web to AppTests";
			sourceTree = "<group>";
		};
		A7D6EF301F75279000BF3665 /* Web to AppUITests */ = {
			isa = PBXGroup;
			children = (
				A7D6EF311F75279000BF3665 /* Web_to_AppUITests.swift */,
				A7D6EF331F75279000BF3665 /* Info.plist */,
			);
			path = "Web to AppUITests";
			sourceTree = "<group>";
		};
		E584B3851F7BAD4B00AA49ED /* WebEngine */ = {
			isa = PBXGroup;
			children = (
				E5ED36C81F77767D003D6C1D /* MainWebViewLoader.swift */,
				A796CA271F83C80700A7162A /* WebVC.xib */,
			);
			name = WebEngine;
			sourceTree = "<group>";
		};
		E592FB9A1F7A35870001F321 /* css */ = {
			isa = PBXGroup;
			children = (
				E592FB9B1F7A35870001F321 /* bootstrap.min.css */,
				E592FB9C1F7A35870001F321 /* mdb.min.css */,
				E592FB9D1F7A35870001F321 /* style.css */,
			);
			path = css;
			sourceTree = "<group>";
		};
		E592FB9F1F7A35870001F321 /* js */ = {
			isa = PBXGroup;
			children = (
				A7C44B9B1F8A257C0078CDF5 /* GoogleService-Info (3).plist */,
				A7C44B9C1F8A25890078CDF5 /* GoogleService-Info (3).plist */,
				E592FBA01F7A35870001F321 /* bootstrap.min.js */,
				E592FBA11F7A35870001F321 /* custom-file-input.js */,
				E592FBA21F7A35870001F321 /* jquery-3.1.1.min.js */,
				E592FBA31F7A35870001F321 /* jquery.vibrate.min.js */,
				E592FBA41F7A35870001F321 /* mdb.min.js */,
				E592FBA51F7A35870001F321 /* tether.min.js */,
			);
			path = js;
			sourceTree = "<group>";
		};
		E592FBB01F7A35980001F321 /* web */ = {
			isa = PBXGroup;
			children = (
				E584B3851F7BAD4B00AA49ED /* WebEngine */,
				E592FB9A1F7A35870001F321 /* css */,
				E592FB9E1F7A35870001F321 /* index.html */,
				E592FB9F1F7A35870001F321 /* js */,
			);
			name = web;
			sourceTree = "<group>";
		};
		F150CAA05DCDA66DEEF8F464 /* Pods */ = {
			isa = PBXGroup;
			children = (
				82B8F8F45043C0B14DD1ACAE /* Pods-Web to App.debug.xcconfig */,
				B1BB9B76176B31139E76BAF8 /* Pods-Web to App.release.xcconfig */,
				56AC0C907982EF615FC882AC /* Pods-Web to AppTests.debug.xcconfig */,
				FB2A46A83C4D8589C3F1EB0C /* Pods-Web to AppTests.release.xcconfig */,
				5E1EFB22A1425527FF6E50F4 /* Pods-Web to AppUITests.debug.xcconfig */,
				A6C9D05F6A21F934987BA6B0 /* Pods-Web to AppUITests.release.xcconfig */,
			);
			name = Pods;
			sourceTree = "<group>";
		};
/* End PBXGroup section */

/* Begin PBXNativeTarget section */
		A7D6EF0D1F75279000BF3665 /* Web to App */ = {
			isa = PBXNativeTarget;
			buildConfigurationList = A7D6EF361F75279000BF3665 /* Build configuration list for PBXNativeTarget "Web to App" */;
			buildPhases = (
				DE9B2D504ABB9B42BE7A586F /* [CP] Check Pods Manifest.lock */,
				A7D6EF0A1F75279000BF3665 /* Sources */,
				A7D6EF0B1F75279000BF3665 /* Frameworks */,
				A7D6EF0C1F75279000BF3665 /* Resources */,
				4E80F911274834F4FD7DDAE6 /* [CP] Embed Pods Frameworks */,
				7251C765418E613F1E5419EE /* [CP] Copy Pods Resources */,
			);
			buildRules = (
			);
			dependencies = (
			);
			name = "Web to App";
			productName = "Web to App";
			productReference = A7D6EF0E1F75279000BF3665 /* Web to App.app */;
			productType = "com.apple.product-type.application";
		};
		A7D6EF211F75279000BF3665 /* Web to AppTests */ = {
			isa = PBXNativeTarget;
			buildConfigurationList = A7D6EF391F75279000BF3665 /* Build configuration list for PBXNativeTarget "Web to AppTests" */;
			buildPhases = (
				A2EC4428EFF33607DB07DD90 /* [CP] Check Pods Manifest.lock */,
				A7D6EF1E1F75279000BF3665 /* Sources */,
				A7D6EF1F1F75279000BF3665 /* Frameworks */,
				A7D6EF201F75279000BF3665 /* Resources */,
				F33461DB21DB148A37D9761F /* [CP] Embed Pods Frameworks */,
				94D4B083AF3B31F5AE030D4A /* [CP] Copy Pods Resources */,
			);
			buildRules = (
			);
			dependencies = (
				A7D6EF241F75279000BF3665 /* PBXTargetDependency */,
			);
			name = "Web to AppTests";
			productName = "Web to AppTests";
			productReference = A7D6EF221F75279000BF3665 /* Web to AppTests.xctest */;
			productType = "com.apple.product-type.bundle.unit-test";
		};
		A7D6EF2C1F75279000BF3665 /* Web to AppUITests */ = {
			isa = PBXNativeTarget;
			buildConfigurationList = A7D6EF3C1F75279000BF3665 /* Build configuration list for PBXNativeTarget "Web to AppUITests" */;
			buildPhases = (
				D2F2BE37B97A990BB2A11BEF /* [CP] Check Pods Manifest.lock */,
				A7D6EF291F75279000BF3665 /* Sources */,
				A7D6EF2A1F75279000BF3665 /* Frameworks */,
				A7D6EF2B1F75279000BF3665 /* Resources */,
				6F1B924E3D27E4E54F911875 /* [CP] Embed Pods Frameworks */,
				D71BD93E267FEC1C5DD78054 /* [CP] Copy Pods Resources */,
			);
			buildRules = (
			);
			dependencies = (
				A7D6EF2F1F75279000BF3665 /* PBXTargetDependency */,
			);
			name = "Web to AppUITests";
			productName = "Web to AppUITests";
			productReference = A7D6EF2D1F75279000BF3665 /* Web to AppUITests.xctest */;
			productType = "com.apple.product-type.bundle.ui-testing";
		};
/* End PBXNativeTarget section */

/* Begin PBXProject section */
		A7D6EF061F75279000BF3665 /* Project object */ = {
			isa = PBXProject;
			attributes = {
				LastSwiftUpdateCheck = 0830;
				LastUpgradeCheck = 0830;
				ORGANIZATIONNAME = Tamanna;
				TargetAttributes = {
					A7D6EF0D1F75279000BF3665 = {
						CreatedOnToolsVersion = 8.3.3;
						DevelopmentTeam = U373EEL96F;
						ProvisioningStyle = Manual;
						SystemCapabilities = {
							com.apple.BackgroundModes = {
								enabled = 1;
							};
							com.apple.Push = {
								enabled = 1;
							};
						};
					};
					A7D6EF211F75279000BF3665 = {
						CreatedOnToolsVersion = 8.3.3;
						DevelopmentTeam = HS8Z6X2Z3A;
						ProvisioningStyle = Automatic;
						TestTargetID = A7D6EF0D1F75279000BF3665;
					};
					A7D6EF2C1F75279000BF3665 = {
						CreatedOnToolsVersion = 8.3.3;
						DevelopmentTeam = HS8Z6X2Z3A;
						ProvisioningStyle = Automatic;
						TestTargetID = A7D6EF0D1F75279000BF3665;
					};
				};
			};
			buildConfigurationList = A7D6EF091F75279000BF3665 /* Build configuration list for PBXProject "Web to App" */;
			compatibilityVersion = "Xcode 3.2";
			developmentRegion = English;
			hasScannedForEncodings = 0;
			knownRegions = (
				en,
				Base,
			);
			mainGroup = A7D6EF051F75279000BF3665;
			productRefGroup = A7D6EF0F1F75279000BF3665 /* Products */;
			projectDirPath = "";
			projectRoot = "";
			targets = (
				A7D6EF0D1F75279000BF3665 /* Web to App */,
				A7D6EF211F75279000BF3665 /* Web to AppTests */,
				A7D6EF2C1F75279000BF3665 /* Web to AppUITests */,
			);
		};
/* End PBXProject section */

/* Begin PBXResourcesBuildPhase section */
		A7D6EF0C1F75279000BF3665 /* Resources */ = {
			isa = PBXResourcesBuildPhase;
			buildActionMask = 2147483647;
			files = (
				E592FBAE1F7A35870001F321 /* mdb.min.js in Resources */,
				E592FBAA1F7A35870001F321 /* bootstrap.min.js in Resources */,
				E592FBA61F7A35870001F321 /* bootstrap.min.css in Resources */,
				A7D6EF1C1F75279000BF3665 /* LaunchScreen.storyboard in Resources */,
				A757BF6F1F8B49EA001C0A65 /* GoogleService-Info.plist in Resources */,
				E592FBAF1F7A35870001F321 /* tether.min.js in Resources */,
				E592FBA81F7A35870001F321 /* style.css in Resources */,
				E592FBAC1F7A35870001F321 /* jquery-3.1.1.min.js in Resources */,
				E592FBA71F7A35870001F321 /* mdb.min.css in Resources */,
				E592FBA91F7A35870001F321 /* index.html in Resources */,
				A796CA281F83C80700A7162A /* WebVC.xib in Resources */,
				A7D6EF191F75279000BF3665 /* Assets.xcassets in Resources */,
				E592FBAD1F7A35870001F321 /* jquery.vibrate.min.js in Resources */,
				E592FBAB1F7A35870001F321 /* custom-file-input.js in Resources */,
				A7D6EF171F75279000BF3665 /* Main.storyboard in Resources */,
			);
			runOnlyForDeploymentPostprocessing = 0;
		};
		A7D6EF201F75279000BF3665 /* Resources */ = {
			isa = PBXResourcesBuildPhase;
			buildActionMask = 2147483647;
			files = (
			);
			runOnlyForDeploymentPostprocessing = 0;
		};
		A7D6EF2B1F75279000BF3665 /* Resources */ = {
			isa = PBXResourcesBuildPhase;
			buildActionMask = 2147483647;
			files = (
			);
			runOnlyForDeploymentPostprocessing = 0;
		};
/* End PBXResourcesBuildPhase section */

/* Begin PBXShellScriptBuildPhase section */
		4E80F911274834F4FD7DDAE6 /* [CP] Embed Pods Frameworks */ = {
			isa = PBXShellScriptBuildPhase;
			buildActionMask = 2147483647;
			files = (
			);
			inputPaths = (
				"${SRCROOT}/Pods/Target Support Files/Pods-Web to App/Pods-Web to App-frameworks.sh",
				"${BUILT_PRODUCTS_DIR}/Alamofire/Alamofire.framework",
				"${BUILT_PRODUCTS_DIR}/GoogleToolboxForMac/GoogleToolboxForMac.framework",
				"${BUILT_PRODUCTS_DIR}/Protobuf/Protobuf.framework",
				"${BUILT_PRODUCTS_DIR}/SideMenu/SideMenu.framework",
				"${BUILT_PRODUCTS_DIR}/nanopb/nanopb.framework",
			);
			name = "[CP] Embed Pods Frameworks";
			outputPaths = (
				"${TARGET_BUILD_DIR}/${FRAMEWORKS_FOLDER_PATH}/Alamofire.framework",
				"${TARGET_BUILD_DIR}/${FRAMEWORKS_FOLDER_PATH}/GoogleToolboxForMac.framework",
				"${TARGET_BUILD_DIR}/${FRAMEWORKS_FOLDER_PATH}/Protobuf.framework",
				"${TARGET_BUILD_DIR}/${FRAMEWORKS_FOLDER_PATH}/SideMenu.framework",
				"${TARGET_BUILD_DIR}/${FRAMEWORKS_FOLDER_PATH}/nanopb.framework",
			);
			runOnlyForDeploymentPostprocessing = 0;
			shellPath = /bin/sh;
			shellScript = "\"${SRCROOT}/Pods/Target Support Files/Pods-Web to App/Pods-Web to App-frameworks.sh\"\n";
			showEnvVarsInLog = 0;
		};
		6F1B924E3D27E4E54F911875 /* [CP] Embed Pods Frameworks */ = {
			isa = PBXShellScriptBuildPhase;
			buildActionMask = 2147483647;
			files = (
			);
			inputPaths = (
			);
			name = "[CP] Embed Pods Frameworks";
			outputPaths = (
			);
			runOnlyForDeploymentPostprocessing = 0;
			shellPath = /bin/sh;
			shellScript = "\"${SRCROOT}/Pods/Target Support Files/Pods-Web to AppUITests/Pods-Web to AppUITests-frameworks.sh\"\n";
			showEnvVarsInLog = 0;
		};
		7251C765418E613F1E5419EE /* [CP] Copy Pods Resources */ = {
			isa = PBXShellScriptBuildPhase;
			buildActionMask = 2147483647;
			files = (
			);
			inputPaths = (
			);
			name = "[CP] Copy Pods Resources";
			outputPaths = (
			);
			runOnlyForDeploymentPostprocessing = 0;
			shellPath = /bin/sh;
			shellScript = "\"${SRCROOT}/Pods/Target Support Files/Pods-Web to App/Pods-Web to App-resources.sh\"\n";
			showEnvVarsInLog = 0;
		};
		94D4B083AF3B31F5AE030D4A /* [CP] Copy Pods Resources */ = {
			isa = PBXShellScriptBuildPhase;
			buildActionMask = 2147483647;
			files = (
			);
			inputPaths = (
			);
			name = "[CP] Copy Pods Resources";
			outputPaths = (
			);
			runOnlyForDeploymentPostprocessing = 0;
			shellPath = /bin/sh;
			shellScript = "\"${SRCROOT}/Pods/Target Support Files/Pods-Web to AppTests/Pods-Web to AppTests-resources.sh\"\n";
			showEnvVarsInLog = 0;
		};
		A2EC4428EFF33607DB07DD90 /* [CP] Check Pods Manifest.lock */ = {
			isa = PBXShellScriptBuildPhase;
			buildActionMask = 2147483647;
			files = (
			);
			inputPaths = (
				"${PODS_PODFILE_DIR_PATH}/Podfile.lock",
				"${PODS_ROOT}/Manifest.lock",
			);
			name = "[CP] Check Pods Manifest.lock";
			outputPaths = (
				"$(DERIVED_FILE_DIR)/Pods-Web to AppTests-checkManifestLockResult.txt",
			);
			runOnlyForDeploymentPostprocessing = 0;
			shellPath = /bin/sh;
			shellScript = "diff \"${PODS_PODFILE_DIR_PATH}/Podfile.lock\" \"${PODS_ROOT}/Manifest.lock\" > /dev/null\nif [ $? != 0 ] ; then\n    # print error to STDERR\n    echo \"error: The sandbox is not in sync with the Podfile.lock. Run 'pod install' or update your CocoaPods installation.\" >&2\n    exit 1\nfi\n# This output is used by Xcode 'outputs' to avoid re-running this script phase.\necho \"SUCCESS\" > \"${SCRIPT_OUTPUT_FILE_0}\"\n";
			showEnvVarsInLog = 0;
		};
		D2F2BE37B97A990BB2A11BEF /* [CP] Check Pods Manifest.lock */ = {
			isa = PBXShellScriptBuildPhase;
			buildActionMask = 2147483647;
			files = (
			);
			inputPaths = (
				"${PODS_PODFILE_DIR_PATH}/Podfile.lock",
				"${PODS_ROOT}/Manifest.lock",
			);
			name = "[CP] Check Pods Manifest.lock";
			outputPaths = (
				"$(DERIVED_FILE_DIR)/Pods-Web to AppUITests-checkManifestLockResult.txt",
			);
			runOnlyForDeploymentPostprocessing = 0;
			shellPath = /bin/sh;
			shellScript = "diff \"${PODS_PODFILE_DIR_PATH}/Podfile.lock\" \"${PODS_ROOT}/Manifest.lock\" > /dev/null\nif [ $? != 0 ] ; then\n    # print error to STDERR\n    echo \"error: The sandbox is not in sync with the Podfile.lock. Run 'pod install' or update your CocoaPods installation.\" >&2\n    exit 1\nfi\n# This output is used by Xcode 'outputs' to avoid re-running this script phase.\necho \"SUCCESS\" > \"${SCRIPT_OUTPUT_FILE_0}\"\n";
			showEnvVarsInLog = 0;
		};
		D71BD93E267FEC1C5DD78054 /* [CP] Copy Pods Resources */ = {
			isa = PBXShellScriptBuildPhase;
			buildActionMask = 2147483647;
			files = (
			);
			inputPaths = (
			);
			name = "[CP] Copy Pods Resources";
			outputPaths = (
			);
			runOnlyForDeploymentPostprocessing = 0;
			shellPath = /bin/sh;
			shellScript = "\"${SRCROOT}/Pods/Target Support Files/Pods-Web to AppUITests/Pods-Web to AppUITests-resources.sh\"\n";
			showEnvVarsInLog = 0;
		};
		DE9B2D504ABB9B42BE7A586F /* [CP] Check Pods Manifest.lock */ = {
			isa = PBXShellScriptBuildPhase;
			buildActionMask = 2147483647;
			files = (
			);
			inputPaths = (
				"${PODS_PODFILE_DIR_PATH}/Podfile.lock",
				"${PODS_ROOT}/Manifest.lock",
			);
			name = "[CP] Check Pods Manifest.lock";
			outputPaths = (
				"$(DERIVED_FILE_DIR)/Pods-Web to App-checkManifestLockResult.txt",
			);
			runOnlyForDeploymentPostprocessing = 0;
			shellPath = /bin/sh;
			shellScript = "diff \"${PODS_PODFILE_DIR_PATH}/Podfile.lock\" \"${PODS_ROOT}/Manifest.lock\" > /dev/null\nif [ $? != 0 ] ; then\n    # print error to STDERR\n    echo \"error: The sandbox is not in sync with the Podfile.lock. Run 'pod install' or update your CocoaPods installation.\" >&2\n    exit 1\nfi\n# This output is used by Xcode 'outputs' to avoid re-running this script phase.\necho \"SUCCESS\" > \"${SCRIPT_OUTPUT_FILE_0}\"\n";
			showEnvVarsInLog = 0;
		};
		F33461DB21DB148A37D9761F /* [CP] Embed Pods Frameworks */ = {
			isa = PBXShellScriptBuildPhase;
			buildActionMask = 2147483647;
			files = (
			);
			inputPaths = (
			);
			name = "[CP] Embed Pods Frameworks";
			outputPaths = (
			);
			runOnlyForDeploymentPostprocessing = 0;
			shellPath = /bin/sh;
			shellScript = "\"${SRCROOT}/Pods/Target Support Files/Pods-Web to AppTests/Pods-Web to AppTests-frameworks.sh\"\n";
			showEnvVarsInLog = 0;
		};
/* End PBXShellScriptBuildPhase section */

/* Begin PBXSourcesBuildPhase section */
		A7D6EF0A1F75279000BF3665 /* Sources */ = {
			isa = PBXSourcesBuildPhase;
			buildActionMask = 2147483647;
			files = (
				A70D3D3F1F75329000644D50 /* NavVC.swift in Sources */,
				A77E23E81FA1B5AB00C452C8 /* NotificationListVC.swift in Sources */,
				E5ED36CA1F77767D003D6C1D /* HomeVc.swift in Sources */,
				E56EC5CA1F7D10CE00D38AC9 /* SubPageVC.swift in Sources */,
				E5ED36CF1F777E1F003D6C1D /* LeftMenuVC.swift in Sources */,
				E5ED36CB1F77767D003D6C1D /* MainWebViewLoader.swift in Sources */,
				A7D6EF121F75279000BF3665 /* AppDelegate.swift in Sources */,
				E5ED36D31F77B9F5003D6C1D /* TabVC.swift in Sources */,
				E5ED36C91F77767D003D6C1D /* AllConstant.swift in Sources */,
				A70946311F84F65100D2BFED /* SettingsVC.swift in Sources */,
				A77E23EA1FA1C16200C452C8 /* NotificationVC.swift in Sources */,
			);
			runOnlyForDeploymentPostprocessing = 0;
		};
		A7D6EF1E1F75279000BF3665 /* Sources */ = {
			isa = PBXSourcesBuildPhase;
			buildActionMask = 2147483647;
			files = (
				A7D6EF271F75279000BF3665 /* Web_to_AppTests.swift in Sources */,
			);
			runOnlyForDeploymentPostprocessing = 0;
		};
		A7D6EF291F75279000BF3665 /* Sources */ = {
			isa = PBXSourcesBuildPhase;
			buildActionMask = 2147483647;
			files = (
				A7D6EF321F75279000BF3665 /* Web_to_AppUITests.swift in Sources */,
			);
			runOnlyForDeploymentPostprocessing = 0;
		};
/* End PBXSourcesBuildPhase section */

/* Begin PBXTargetDependency section */
		A7D6EF241F75279000BF3665 /* PBXTargetDependency */ = {
			isa = PBXTargetDependency;
			target = A7D6EF0D1F75279000BF3665 /* Web to App */;
			targetProxy = A7D6EF231F75279000BF3665 /* PBXContainerItemProxy */;
		};
		A7D6EF2F1F75279000BF3665 /* PBXTargetDependency */ = {
			isa = PBXTargetDependency;
			target = A7D6EF0D1F75279000BF3665 /* Web to App */;
			targetProxy = A7D6EF2E1F75279000BF3665 /* PBXContainerItemProxy */;
		};
/* End PBXTargetDependency section */

/* Begin PBXVariantGroup section */
		A7D6EF151F75279000BF3665 /* Main.storyboard */ = {
			isa = PBXVariantGroup;
			children = (
				A7D6EF161F75279000BF3665 /* Base */,
			);
			name = Main.storyboard;
			sourceTree = "<group>";
		};
		A7D6EF1A1F75279000BF3665 /* LaunchScreen.storyboard */ = {
			isa = PBXVariantGroup;
			children = (
				A7D6EF1B1F75279000BF3665 /* Base */,
			);
			name = LaunchScreen.storyboard;
			sourceTree = "<group>";
		};
/* End PBXVariantGroup section */

/* Begin XCBuildConfiguration section */
		A7D6EF341F75279000BF3665 /* Debug */ = {
			isa = XCBuildConfiguration;
			buildSettings = {
				ALWAYS_SEARCH_USER_PATHS = NO;
				CLANG_ANALYZER_NONNULL = YES;
				CLANG_ANALYZER_NUMBER_OBJECT_CONVERSION = YES_AGGRESSIVE;
				CLANG_CXX_LANGUAGE_STANDARD = "gnu++0x";
				CLANG_CXX_LIBRARY = "libc++";
				CLANG_ENABLE_MODULES = YES;
				CLANG_ENABLE_OBJC_ARC = YES;
				CLANG_WARN_BOOL_CONVERSION = YES;
				CLANG_WARN_CONSTANT_CONVERSION = YES;
				CLANG_WARN_DIRECT_OBJC_ISA_USAGE = YES_ERROR;
				CLANG_WARN_DOCUMENTATION_COMMENTS = YES;
				CLANG_WARN_EMPTY_BODY = YES;
				CLANG_WARN_ENUM_CONVERSION = YES;
				CLANG_WARN_INFINITE_RECURSION = YES;
				CLANG_WARN_INT_CONVERSION = YES;
				CLANG_WARN_OBJC_ROOT_CLASS = YES_ERROR;
				CLANG_WARN_SUSPICIOUS_MOVE = YES;
				CLANG_WARN_UNREACHABLE_CODE = YES;
				CLANG_WARN__DUPLICATE_METHOD_MATCH = YES;
				"CODE_SIGN_IDENTITY[sdk=iphoneos*]" = "iPhone Developer";
				COPY_PHASE_STRIP = NO;
				DEBUG_INFORMATION_FORMAT = dwarf;
				ENABLE_STRICT_OBJC_MSGSEND = YES;
				ENABLE_TESTABILITY = YES;
				GCC_C_LANGUAGE_STANDARD = gnu99;
				GCC_DYNAMIC_NO_PIC = NO;
				GCC_NO_COMMON_BLOCKS = YES;
				GCC_OPTIMIZATION_LEVEL = 0;
				GCC_PREPROCESSOR_DEFINITIONS = (
					"DEBUG=1",
					"$(inherited)",
				);
				GCC_WARN_64_TO_32_BIT_CONVERSION = YES;
				GCC_WARN_ABOUT_RETURN_TYPE = YES_ERROR;
				GCC_WARN_UNDECLARED_SELECTOR = YES;
				GCC_WARN_UNINITIALIZED_AUTOS = YES_AGGRESSIVE;
				GCC_WARN_UNUSED_FUNCTION = YES;
				GCC_WARN_UNUSED_VARIABLE = YES;
				IPHONEOS_DEPLOYMENT_TARGET = 10.3;
				MTL_ENABLE_DEBUG_INFO = YES;
				ONLY_ACTIVE_ARCH = YES;
				SDKROOT = iphoneos;
				SWIFT_ACTIVE_COMPILATION_CONDITIONS = DEBUG;
				SWIFT_OPTIMIZATION_LEVEL = "-Onone";
				TARGETED_DEVICE_FAMILY = "1,2";
			};
			name = Debug;
		};
		A7D6EF351F75279000BF3665 /* Release */ = {
			isa = XCBuildConfiguration;
			buildSettings = {
				ALWAYS_SEARCH_USER_PATHS = NO;
				CLANG_ANALYZER_NONNULL = YES;
				CLANG_ANALYZER_NUMBER_OBJECT_CONVERSION = YES_AGGRESSIVE;
				CLANG_CXX_LANGUAGE_STANDARD = "gnu++0x";
				CLANG_CXX_LIBRARY = "libc++";
				CLANG_ENABLE_MODULES = YES;
				CLANG_ENABLE_OBJC_ARC = YES;
				CLANG_WARN_BOOL_CONVERSION = YES;
				CLANG_WARN_CONSTANT_CONVERSION = YES;
				CLANG_WARN_DIRECT_OBJC_ISA_USAGE = YES_ERROR;
				CLANG_WARN_DOCUMENTATION_COMMENTS = YES;
				CLANG_WARN_EMPTY_BODY = YES;
				CLANG_WARN_ENUM_CONVERSION = YES;
				CLANG_WARN_INFINITE_RECURSION = YES;
				CLANG_WARN_INT_CONVERSION = YES;
				CLANG_WARN_OBJC_ROOT_CLASS = YES_ERROR;
				CLANG_WARN_SUSPICIOUS_MOVE = YES;
				CLANG_WARN_UNREACHABLE_CODE = YES;
				CLANG_WARN__DUPLICATE_METHOD_MATCH = YES;
				"CODE_SIGN_IDENTITY[sdk=iphoneos*]" = "iPhone Developer";
				COPY_PHASE_STRIP = NO;
				DEBUG_INFORMATION_FORMAT = "dwarf-with-dsym";
				ENABLE_NS_ASSERTIONS = NO;
				ENABLE_STRICT_OBJC_MSGSEND = YES;
				GCC_C_LANGUAGE_STANDARD = gnu99;
				GCC_NO_COMMON_BLOCKS = YES;
				GCC_WARN_64_TO_32_BIT_CONVERSION = YES;
				GCC_WARN_ABOUT_RETURN_TYPE = YES_ERROR;
				GCC_WARN_UNDECLARED_SELECTOR = YES;
				GCC_WARN_UNINITIALIZED_AUTOS = YES_AGGRESSIVE;
				GCC_WARN_UNUSED_FUNCTION = YES;
				GCC_WARN_UNUSED_VARIABLE = YES;
				IPHONEOS_DEPLOYMENT_TARGET = 10.3;
				MTL_ENABLE_DEBUG_INFO = NO;
				SDKROOT = iphoneos;
				SWIFT_OPTIMIZATION_LEVEL = "-Owholemodule";
				TARGETED_DEVICE_FAMILY = "1,2";
				VALIDATE_PRODUCT = YES;
			};
			name = Release;
		};
		A7D6EF371F75279000BF3665 /* Debug */ = {
			isa = XCBuildConfiguration;
			baseConfigurationReference = 82B8F8F45043C0B14DD1ACAE /* Pods-Web to App.debug.xcconfig */;
			buildSettings = {
				ASSETCATALOG_COMPILER_APPICON_NAME = AppIcon;
				CODE_SIGN_ENTITLEMENTS = "Web to App/Web to App.entitlements";
				"CODE_SIGN_IDENTITY[sdk=iphoneos*]" = "iPhone Distribution";
				CODE_SIGN_STYLE = Manual;
				DEVELOPMENT_TEAM = U373EEL96F;
				ENABLE_BITCODE = NO;
				INFOPLIST_FILE = "Web to App/Info.plist";
				IPHONEOS_DEPLOYMENT_TARGET = 9.0;
				LD_RUNPATH_SEARCH_PATHS = "$(inherited) @executable_path/Frameworks";
				PRODUCT_BUNDLE_IDENTIFIER = "com.mcc.Web-to-App";
				PRODUCT_NAME = "$(TARGET_NAME)";
				PROVISIONING_PROFILE = "e0354057-8dd3-4467-8b63-019466180f57";
				PROVISIONING_PROFILE_SPECIFIER = WebsitetoAppPro;
				SWIFT_VERSION = 3.0;
				TARGETED_DEVICE_FAMILY = "1,2";
			};
			name = Debug;
		};
		A7D6EF381F75279000BF3665 /* Release */ = {
			isa = XCBuildConfiguration;
			baseConfigurationReference = B1BB9B76176B31139E76BAF8 /* Pods-Web to App.release.xcconfig */;
			buildSettings = {
				ASSETCATALOG_COMPILER_APPICON_NAME = AppIcon;
				CODE_SIGN_ENTITLEMENTS = "Web to App/Web to App.entitlements";
				"CODE_SIGN_IDENTITY[sdk=iphoneos*]" = "iPhone Distribution";
				CODE_SIGN_STYLE = Manual;
				DEVELOPMENT_TEAM = U373EEL96F;
				ENABLE_BITCODE = NO;
				INFOPLIST_FILE = "Web to App/Info.plist";
				IPHONEOS_DEPLOYMENT_TARGET = 9.0;
				LD_RUNPATH_SEARCH_PATHS = "$(inherited) @executable_path/Frameworks";
				PRODUCT_BUNDLE_IDENTIFIER = "com.mcc.Web-to-App";
				PRODUCT_NAME = "$(TARGET_NAME)";
				PROVISIONING_PROFILE = "e0354057-8dd3-4467-8b63-019466180f57";
				PROVISIONING_PROFILE_SPECIFIER = WebsitetoAppPro;
				SWIFT_VERSION = 3.0;
				TARGETED_DEVICE_FAMILY = "1,2";
			};
			name = Release;
		};
		A7D6EF3A1F75279000BF3665 /* Debug */ = {
			isa = XCBuildConfiguration;
			baseConfigurationReference = 56AC0C907982EF615FC882AC /* Pods-Web to AppTests.debug.xcconfig */;
			buildSettings = {
				ALWAYS_EMBED_SWIFT_STANDARD_LIBRARIES = YES;
				BUNDLE_LOADER = "$(TEST_HOST)";
				DEVELOPMENT_TEAM = HS8Z6X2Z3A;
				INFOPLIST_FILE = "Web to AppTests/Info.plist";
				LD_RUNPATH_SEARCH_PATHS = "$(inherited) @executable_path/Frameworks @loader_path/Frameworks";
				PRODUCT_BUNDLE_IDENTIFIER = "com.mcc.Web-to-AppTests";
				PRODUCT_NAME = "$(TARGET_NAME)";
				SWIFT_VERSION = 3.0;
				TEST_HOST = "$(BUILT_PRODUCTS_DIR)/Web to App.app/Web to App";
			};
			name = Debug;
		};
		A7D6EF3B1F75279000BF3665 /* Release */ = {
			isa = XCBuildConfiguration;
			baseConfigurationReference = FB2A46A83C4D8589C3F1EB0C /* Pods-Web to AppTests.release.xcconfig */;
			buildSettings = {
				ALWAYS_EMBED_SWIFT_STANDARD_LIBRARIES = YES;
				BUNDLE_LOADER = "$(TEST_HOST)";
				DEVELOPMENT_TEAM = HS8Z6X2Z3A;
				INFOPLIST_FILE = "Web to AppTests/Info.plist";
				LD_RUNPATH_SEARCH_PATHS = "$(inherited) @executable_path/Frameworks @loader_path/Frameworks";
				PRODUCT_BUNDLE_IDENTIFIER = "com.mcc.Web-to-AppTests";
				PRODUCT_NAME = "$(TARGET_NAME)";
				SWIFT_VERSION = 3.0;
				TEST_HOST = "$(BUILT_PRODUCTS_DIR)/Web to App.app/Web to App";
			};
			name = Release;
		};
		A7D6EF3D1F75279000BF3665 /* Debug */ = {
			isa = XCBuildConfiguration;
			baseConfigurationReference = 5E1EFB22A1425527FF6E50F4 /* Pods-Web to AppUITests.debug.xcconfig */;
			buildSettings = {
				ALWAYS_EMBED_SWIFT_STANDARD_LIBRARIES = YES;
				DEVELOPMENT_TEAM = HS8Z6X2Z3A;
				INFOPLIST_FILE = "Web to AppUITests/Info.plist";
				LD_RUNPATH_SEARCH_PATHS = "$(inherited) @executable_path/Frameworks @loader_path/Frameworks";
				PRODUCT_BUNDLE_IDENTIFIER = "com.mcc.Web-to-AppUITests";
				PRODUCT_NAME = "$(TARGET_NAME)";
				SWIFT_VERSION = 3.0;
				TEST_TARGET_NAME = "Web to App";
			};
			name = Debug;
		};
		A7D6EF3E1F75279000BF3665 /* Release */ = {
			isa = XCBuildConfiguration;
			baseConfigurationReference = A6C9D05F6A21F934987BA6B0 /* Pods-Web to AppUITests.release.xcconfig */;
			buildSettings = {
				ALWAYS_EMBED_SWIFT_STANDARD_LIBRARIES = YES;
				DEVELOPMENT_TEAM = HS8Z6X2Z3A;
				INFOPLIST_FILE = "Web to AppUITests/Info.plist";
				LD_RUNPATH_SEARCH_PATHS = "$(inherited) @executable_path/Frameworks @loader_path/Frameworks";
				PRODUCT_BUNDLE_IDENTIFIER = "com.mcc.Web-to-AppUITests";
				PRODUCT_NAME = "$(TARGET_NAME)";
				SWIFT_VERSION = 3.0;
				TEST_TARGET_NAME = "Web to App";
			};
			name = Release;
		};
/* End XCBuildConfiguration section */

/* Begin XCConfigurationList section */
		A7D6EF091F75279000BF3665 /* Build configuration list for PBXProject "Web to App" */ = {
			isa = XCConfigurationList;
			buildConfigurations = (
				A7D6EF341F75279000BF3665 /* Debug */,
				A7D6EF351F75279000BF3665 /* Release */,
			);
			defaultConfigurationIsVisible = 0;
			defaultConfigurationName = Release;
		};
		A7D6EF361F75279000BF3665 /* Build configuration list for PBXNativeTarget "Web to App" */ = {
			isa = XCConfigurationList;
			buildConfigurations = (
				A7D6EF371F75279000BF3665 /* Debug */,
				A7D6EF381F75279000BF3665 /* Release */,
			);
			defaultConfigurationIsVisible = 0;
			defaultConfigurationName = Release;
		};
		A7D6EF391F75279000BF3665 /* Build configuration list for PBXNativeTarget "Web to AppTests" */ = {
			isa = XCConfigurationList;
			buildConfigurations = (
				A7D6EF3A1F75279000BF3665 /* Debug */,
				A7D6EF3B1F75279000BF3665 /* Release */,
			);
			defaultConfigurationIsVisible = 0;
			defaultConfigurationName = Release;
		};
		A7D6EF3C1F75279000BF3665 /* Build configuration list for PBXNativeTarget "Web to AppUITests" */ = {
			isa = XCConfigurationList;
			buildConfigurations = (
				A7D6EF3D1F75279000BF3665 /* Debug */,
				A7D6EF3E1F75279000BF3665 /* Release */,
			);
			defaultConfigurationIsVisible = 0;
			defaultConfigurationName = Release;
		};
/* End XCConfigurationList section */
	};
	rootObject = A7D6EF061F75279000BF3665 /* Project object */;
}
